
Microsoft Visual Studio Solution File, Format Version 12.00
# Visual Studio Version 16
VisualStudioVersion = 16.0.31129.286
MinimumVisualStudioVersion = 10.0.40219.1
Project("{8BC9CEB8-8B4A-11D0-8D11-00A0C91BC942}") = "Crosa-Conty-3D", "Crosa-Conty-3D\Crosa-Conty-3D.vcxproj", "{8D4C96CB-86F9-4ACB-9D2E-B89E6504C2B4}"
EndProject
Project("{8BC9CEB8-8B4A-11D0-8D11-00A0C91BC942}") = "SandBox", "SandBox\SandBox.vcxproj", "{5EA4A48D-4524-4D7B-84C9-7E36F36C57C6}"
EndProject
Project("{8BC9CEB8-8B4A-11D0-8D11-00A0C91BC942}") = "ImGui", "Crosa-Conty-3D\vendor\Imgui\Imgui.vcxproj", "{B6D8C255-0A39-49E5-9C58-2892436F0120}"
EndProject
Project("{8BC9CEB8-8B4A-11D0-8D11-00A0C91BC942}") = "CC3DEditor", "CC3DEditor\CC3DEditor.vcxproj", "{18793F70-604F-4397-814C-E2553DE80449}"
EndProject
Global
	GlobalSection(SolutionConfigurationPlatforms) = preSolution
		Debug|x64 = Debug|x64
		Dist|x64 = Dist|x64
		Release|x64 = Release|x64
	EndGlobalSection
	GlobalSection(ProjectConfigurationPlatforms) = postSolution
		{8D4C96CB-86F9-4ACB-9D2E-B89E6504C2B4}.Debug|x64.ActiveCfg = Debug|x64
		{8D4C96CB-86F9-4ACB-9D2E-B89E6504C2B4}.Debug|x64.Build.0 = Debug|x64
		{8D4C96CB-86F9-4ACB-9D2E-B89E6504C2B4}.Dist|x64.ActiveCfg = Dist|x64
		{8D4C96CB-86F9-4ACB-9D2E-B89E6504C2B4}.Dist|x64.Build.0 = Dist|x64
		{8D4C96CB-86F9-4ACB-9D2E-B89E6504C2B4}.Release|x64.ActiveCfg = Release|x64
		{8D4C96CB-86F9-4ACB-9D2E-B89E6504C2B4}.Release|x64.Build.0 = Release|x64
		{5EA4A48D-4524-4D7B-84C9-7E36F36C57C6}.Debug|x64.ActiveCfg = Debug|x64
		{5EA4A48D-4524-4D7B-84C9-7E36F36C57C6}.Debug|x64.Build.0 = Debug|x64
		{5EA4A48D-4524-4D7B-84C9-7E36F36C57C6}.Dist|x64.ActiveCfg = Debug|x64
		{5EA4A48D-4524-4D7B-84C9-7E36F36C57C6}.Dist|x64.Build.0 = Debug|x64
		{5EA4A48D-4524-4D7B-84C9-7E36F36C57C6}.Release|x64.ActiveCfg = Release|x64
		{5EA4A48D-4524-4D7B-84C9-7E36F36C57C6}.Release|x64.Build.0 = Release|x64
		{B6D8C255-0A39-49E5-9C58-2892436F0120}.Debug|x64.ActiveCfg = Debug|x64
		{B6D8C255-0A39-49E5-9C58-2892436F0120}.Debug|x64.Build.0 = Debug|x64
		{B6D8C255-0A39-49E5-9C58-2892436F0120}.Dist|x64.ActiveCfg = Debug|x64
		{B6D8C255-0A39-49E5-9C58-2892436F0120}.Dist|x64.Build.0 = Debug|x64
		{B6D8C255-0A39-49E5-9C58-2892436F0120}.Release|x64.ActiveCfg = Release|x64
		{B6D8C255-0A39-49E5-9C58-2892436F0120}.Release|x64.Build.0 = Release|x64
		{18793F70-604F-4397-814C-E2553DE80449}.Debug|x64.ActiveCfg = Debug|x64
		{18793F70-604F-4397-814C-E2553DE80449}.Debug|x64.Build.0 = Debug|x64
		{18793F70-604F-4397-814C-E2553DE80449}.Dist|x64.ActiveCfg = Debug|x64
		{18793F70-604F-4397-814C-E2553DE80449}.Dist|x64.Build.0 = Debug|x64
		{18793F70-604F-4397-814C-E2553DE80449}.Release|x64.ActiveCfg = Release|x64
		{18793F70-604F-4397-814C-E2553DE80449}.Release|x64.Build.0 = Release|x64
	EndGlobalSection
	GlobalSection(SolutionProperties) = preSolution
		HideSolutionNode = FALSE
	EndGlobalSection
	GlobalSection(ExtensibilityGlobals) = postSolution
		SolutionGuid = {46427331-37AB-4B68-8CDB-8C5997DC5E3C}
	EndGlobalSection
EndGlobal
