
Microsoft Visual Studio Solution File, Format Version 12.00
# Visual Studio Version 16
VisualStudioVersion = 16.0.30804.86
MinimumVisualStudioVersion = 10.0.40219.1
Project("{8BC9CEB8-8B4A-11D0-8D11-00A0C91BC942}") = "SandBox", "SandBox\SandBox.vcxproj", "{59C8CFC0-9A85-43C9-ACE4-8D7F3E64A3B4}"
EndProject
Project("{8BC9CEB8-8B4A-11D0-8D11-00A0C91BC942}") = "CC3D", "CC3D\CC3D.vcxproj", "{6A94323D-E0FC-4887-90A6-B275C413AE06}"
EndProject
Global
	GlobalSection(SolutionConfigurationPlatforms) = preSolution
		Debug|x64 = Debug|x64
		Release|x64 = Release|x64
	EndGlobalSection
	GlobalSection(ProjectConfigurationPlatforms) = postSolution
		{6A94323D-E0FC-4887-90A6-B275C413AE06}.Debug|x64.ActiveCfg = Debug|x64
		{6A94323D-E0FC-4887-90A6-B275C413AE06}.Debug|x64.Build.0 = Debug|x64
		{6A94323D-E0FC-4887-90A6-B275C413AE06}.Release|x64.ActiveCfg = Release|x64
		{6A94323D-E0FC-4887-90A6-B275C413AE06}.Release|x64.Build.0 = Release|x64
		{59C8CFC0-9A85-43C9-ACE4-8D7F3E64A3B4}.Debug|x64.ActiveCfg = Debug|x64
		{59C8CFC0-9A85-43C9-ACE4-8D7F3E64A3B4}.Debug|x64.Build.0 = Debug|x64
		{59C8CFC0-9A85-43C9-ACE4-8D7F3E64A3B4}.Release|x64.ActiveCfg = Release|x64
		{59C8CFC0-9A85-43C9-ACE4-8D7F3E64A3B4}.Release|x64.Build.0 = Release|x64
	EndGlobalSection
	GlobalSection(SolutionProperties) = preSolution
		HideSolutionNode = FALSE
	EndGlobalSection
	GlobalSection(ExtensibilityGlobals) = postSolution
		SolutionGuid = {48F3B80C-11F9-4466-B999-942389313E63}
	EndGlobalSection
EndGlobal
