<?xml version="1.0" encoding="utf-8"?>
<Project ToolsVersion="4.0" xmlns="http://schemas.microsoft.com/developer/msbuild/2003">
  <ItemGroup>
    <Filter Include="CC3D">
      <UniqueIdentifier>{C2F0827C-AE27-840D-5714-6A10432A000F}</UniqueIdentifier>
    </Filter>
  </ItemGroup>
  <ItemGroup>
    <ClInclude Include="src\CC3D.h" />
    <ClInclude Include="src\CC3D\Application.h">
      <Filter>CC3D</Filter>
    </ClInclude>
    <ClInclude Include="src\CC3D\Core.h">
      <Filter>CC3D</Filter>
    </ClInclude>
    <ClInclude Include="src\CC3D\EntryPoint.h">
      <Filter>CC3D</Filter>
    </ClInclude>
    <ClInclude Include="src\CC3D\Log.h">
      <Filter>CC3D</Filter>
    </ClInclude>
    <ClInclude Include="src\CC3D\Layer.h" />
    <ClInclude Include="src\CC3D\LayerStack.h" />
    <ClInclude Include="src\CC3D\Window.h" />
    <ClInclude Include="src\ccpch.h" />
    <ClInclude Include="src\CC3D\Events\ApplicationEvent.h" />
    <ClInclude Include="src\CC3D\Events\Event.h" />
    <ClInclude Include="src\CC3D\Events\KeyEvent.h" />
    <ClInclude Include="src\CC3D\Events\MouseEvent.h" />
    <ClInclude Include="src\Platform\Windows\WindowsWindow.h" />
    <ClInclude Include="vendor\GLAD\include\glad\glad.h" />
    <ClInclude Include="vendor\GLAD\include\KHR\khrplatform.h" />
    <ClInclude Include="src\CC3D\Imgui\ImGuiLayer.h" />
    <ClInclude Include="src\Platform\OpenGL\imgui_impl_opengl3_loader.h" />
    <ClInclude Include="src\Platform\OpenGL\imgui_impl_opengl3.h" />
    <ClInclude Include="src\CC3D\Input.h" />
    <ClInclude Include="src\Platform\Windows\WindowsInput.h" />
    <ClInclude Include="src\CC3D\KeyCodes.h" />
    <ClInclude Include="src\CC3D\MouseButtonCodes.h" />
  </ItemGroup>
  <ItemGroup>
    <ClCompile Include="src\CC3D\Application.cpp">
      <Filter>CC3D</Filter>
    </ClCompile>
    <ClCompile Include="src\CC3D\Log.cpp">
      <Filter>CC3D</Filter>
    </ClCompile>
    <ClCompile Include="src\CC3D\Layer.cpp" />
    <ClCompile Include="src\CC3D\LayerStack.cpp" />
    <ClCompile Include="src\ccpch.cpp" />
    <ClCompile Include="src\Platform\Windows\WindowsWindow.cpp" />
    <ClCompile Include="vendor\GLAD\src\glad.cpp" />
    <ClCompile Include="src\CC3D\Imgui\ImGuiLayer.cpp" />
    <ClCompile Include="src\Platform\OpenGL\imgui_impl_opengl3.cpp" />
    <ClCompile Include="src\Platform\OpenGL\imgui_tables.cpp" />
    <ClCompile Include="src\Platform\Windows\WindowsInput.cpp" />
  </ItemGroup>
</Project>