<?xml version="1.0" encoding="utf-8"?>
<Project ToolsVersion="4.0" xmlns="http://schemas.microsoft.com/developer/msbuild/2003">
  <ItemGroup>
    <Filter Include="源文件">
      <UniqueIdentifier>{4FC737F1-C7A5-4376-A066-2A32D752A2FF}</UniqueIdentifier>
      <Extensions>cpp;c;cc;cxx;c++;cppm;ixx;def;odl;idl;hpj;bat;asm;asmx</Extensions>
    </Filter>
    <Filter Include="头文件">
      <UniqueIdentifier>{93995380-89BD-4b04-88EB-625FBE52EBFB}</UniqueIdentifier>
      <Extensions>h;hh;hpp;hxx;h++;hm;inl;inc;ipp;xsd</Extensions>
    </Filter>
    <Filter Include="资源文件">
      <UniqueIdentifier>{67DA6AB6-F800-4c08-8B7A-83BB121AAD01}</UniqueIdentifier>
      <Extensions>rc;ico;cur;bmp;dlg;rc2;rct;bin;rgs;gif;jpg;jpeg;jpe;resx;tiff;tif;png;wav;mfcribbon-ms</Extensions>
    </Filter>
  </ItemGroup>
  <ItemGroup>
    <ClInclude Include="src\CC3D.h">
      <Filter>头文件</Filter>
    </ClInclude>
    <ClInclude Include="src\CC3D\Events\ApplicationEvent.h">
      <Filter>头文件</Filter>
    </ClInclude>
    <ClInclude Include="src\CC3D\Events\Event.h">
      <Filter>头文件</Filter>
    </ClInclude>
    <ClInclude Include="src\CC3D\Events\KeyEvent.h">
      <Filter>头文件</Filter>
    </ClInclude>
    <ClInclude Include="src\CC3D\Events\MouseEvent.h">
      <Filter>头文件</Filter>
    </ClInclude>
    <ClInclude Include="src\cc3d_pch.h">
      <Filter>头文件</Filter>
    </ClInclude>
    <ClInclude Include="vendor\GLFW\include\GLFW\glfw3.h">
      <Filter>头文件</Filter>
    </ClInclude>
    <ClInclude Include="vendor\GLFW\include\GLFW\glfw3native.h">
      <Filter>头文件</Filter>
    </ClInclude>
    <ClInclude Include="vendor\glad\glad.h">
      <Filter>头文件</Filter>
    </ClInclude>
    <ClInclude Include="vendor\spdlog\async.h">
      <Filter>头文件</Filter>
    </ClInclude>
    <ClInclude Include="vendor\spdlog\async_logger.h">
      <Filter>头文件</Filter>
    </ClInclude>
    <ClInclude Include="vendor\spdlog\async_logger-inl.h">
      <Filter>头文件</Filter>
    </ClInclude>
    <ClInclude Include="vendor\spdlog\common.h">
      <Filter>头文件</Filter>
    </ClInclude>
    <ClInclude Include="vendor\spdlog\common-inl.h">
      <Filter>头文件</Filter>
    </ClInclude>
    <ClInclude Include="vendor\spdlog\formatter.h">
      <Filter>头文件</Filter>
    </ClInclude>
    <ClInclude Include="vendor\spdlog\fwd.h">
      <Filter>头文件</Filter>
    </ClInclude>
    <ClInclude Include="vendor\spdlog\logger.h">
      <Filter>头文件</Filter>
    </ClInclude>
    <ClInclude Include="vendor\spdlog\logger-inl.h">
      <Filter>头文件</Filter>
    </ClInclude>
    <ClInclude Include="vendor\spdlog\pattern_formatter.h">
      <Filter>头文件</Filter>
    </ClInclude>
    <ClInclude Include="vendor\spdlog\pattern_formatter-inl.h">
      <Filter>头文件</Filter>
    </ClInclude>
    <ClInclude Include="vendor\spdlog\spdlog.h">
      <Filter>头文件</Filter>
    </ClInclude>
    <ClInclude Include="vendor\spdlog\spdlog-inl.h">
      <Filter>头文件</Filter>
    </ClInclude>
    <ClInclude Include="vendor\spdlog\tweakme.h">
      <Filter>头文件</Filter>
    </ClInclude>
    <ClInclude Include="vendor\spdlog\version.h">
      <Filter>头文件</Filter>
    </ClInclude>
    <ClInclude Include="vendor\KHR\khrplatform.h">
      <Filter>头文件</Filter>
    </ClInclude>
    <ClInclude Include="src\Platform\Windows\WindowsWindow.h">
      <Filter>头文件</Filter>
    </ClInclude>
    <ClInclude Include="vendor\imgui\imgui.h">
      <Filter>头文件</Filter>
    </ClInclude>
    <ClInclude Include="src\CC3D\ImGui\ImGuiLayer.h">
      <Filter>头文件</Filter>
    </ClInclude>
    <ClInclude Include="vendor\imgui\imconfig.h">
      <Filter>头文件</Filter>
    </ClInclude>
    <ClInclude Include="vendor\imgui\imgui_internal.h">
      <Filter>头文件</Filter>
    </ClInclude>
    <ClInclude Include="vendor\imgui\imstb_rectpack.h">
      <Filter>头文件</Filter>
    </ClInclude>
    <ClInclude Include="vendor\imgui\imstb_textedit.h">
      <Filter>头文件</Filter>
    </ClInclude>
    <ClInclude Include="vendor\imgui\imstb_truetype.h">
      <Filter>头文件</Filter>
    </ClInclude>
    <ClInclude Include="vendor\glm\common.hpp">
      <Filter>头文件</Filter>
    </ClInclude>
    <ClInclude Include="vendor\glm\exponential.hpp">
      <Filter>头文件</Filter>
    </ClInclude>
    <ClInclude Include="vendor\glm\ext.hpp">
      <Filter>头文件</Filter>
    </ClInclude>
    <ClInclude Include="vendor\glm\fwd.hpp">
      <Filter>头文件</Filter>
    </ClInclude>
    <ClInclude Include="vendor\glm\geometric.hpp">
      <Filter>头文件</Filter>
    </ClInclude>
    <ClInclude Include="vendor\glm\glm.hpp">
      <Filter>头文件</Filter>
    </ClInclude>
    <ClInclude Include="vendor\glm\integer.hpp">
      <Filter>头文件</Filter>
    </ClInclude>
    <ClInclude Include="vendor\glm\mat2x2.hpp">
      <Filter>头文件</Filter>
    </ClInclude>
    <ClInclude Include="vendor\glm\mat2x3.hpp">
      <Filter>头文件</Filter>
    </ClInclude>
    <ClInclude Include="vendor\glm\mat2x4.hpp">
      <Filter>头文件</Filter>
    </ClInclude>
    <ClInclude Include="vendor\glm\mat3x2.hpp">
      <Filter>头文件</Filter>
    </ClInclude>
    <ClInclude Include="vendor\glm\mat3x3.hpp">
      <Filter>头文件</Filter>
    </ClInclude>
    <ClInclude Include="vendor\glm\mat3x4.hpp">
      <Filter>头文件</Filter>
    </ClInclude>
    <ClInclude Include="vendor\glm\mat4x2.hpp">
      <Filter>头文件</Filter>
    </ClInclude>
    <ClInclude Include="vendor\glm\mat4x3.hpp">
      <Filter>头文件</Filter>
    </ClInclude>
    <ClInclude Include="vendor\glm\mat4x4.hpp">
      <Filter>头文件</Filter>
    </ClInclude>
    <ClInclude Include="vendor\glm\matrix.hpp">
      <Filter>头文件</Filter>
    </ClInclude>
    <ClInclude Include="vendor\glm\packing.hpp">
      <Filter>头文件</Filter>
    </ClInclude>
    <ClInclude Include="vendor\glm\trigonometric.hpp">
      <Filter>头文件</Filter>
    </ClInclude>
    <ClInclude Include="vendor\glm\vec2.hpp">
      <Filter>头文件</Filter>
    </ClInclude>
    <ClInclude Include="vendor\glm\vec3.hpp">
      <Filter>头文件</Filter>
    </ClInclude>
    <ClInclude Include="vendor\glm\vec4.hpp">
      <Filter>头文件</Filter>
    </ClInclude>
    <ClInclude Include="vendor\glm\vector_relational.hpp">
      <Filter>头文件</Filter>
    </ClInclude>
    <ClInclude Include="vendor\imgui\examples\imgui_impl_glfw.h">
      <Filter>头文件</Filter>
    </ClInclude>
    <ClInclude Include="vendor\imgui\examples\imgui_impl_opengl3.h">
      <Filter>头文件</Filter>
    </ClInclude>
    <ClInclude Include="vendor\imgui\examples\imgui_impl_opengl3_loader.h">
      <Filter>头文件</Filter>
    </ClInclude>
    <ClInclude Include="src\CC3D\Renderer\GraphicsContext.h">
      <Filter>头文件</Filter>
    </ClInclude>
    <ClInclude Include="src\Platform\OpenGL\OpenGLContext.h">
      <Filter>头文件</Filter>
    </ClInclude>
    <ClInclude Include="src\CC3D\Renderer\Shader.h">
      <Filter>头文件</Filter>
    </ClInclude>
    <ClInclude Include="src\CC3D\Renderer\Buffer.h">
      <Filter>头文件</Filter>
    </ClInclude>
    <ClInclude Include="src\CC3D\Renderer\Renderer.h">
      <Filter>头文件</Filter>
    </ClInclude>
    <ClInclude Include="src\Platform\OpenGL\OpenGLBuffer.h">
      <Filter>头文件</Filter>
    </ClInclude>
    <ClInclude Include="src\CC3D\Renderer\VertexArray.h">
      <Filter>头文件</Filter>
    </ClInclude>
    <ClInclude Include="src\Platform\OpenGL\OpenGLVertexArray.h">
      <Filter>头文件</Filter>
    </ClInclude>
    <ClInclude Include="src\CC3D\Renderer\RenderCommand.h">
      <Filter>头文件</Filter>
    </ClInclude>
    <ClInclude Include="src\CC3D\Renderer\RendererAPI.h">
      <Filter>头文件</Filter>
    </ClInclude>
    <ClInclude Include="src\Platform\OpenGL\OpenGLRendererAPI.h">
      <Filter>头文件</Filter>
    </ClInclude>
    <ClInclude Include="src\CC3D\Renderer\OrthographicCamera.h">
      <Filter>头文件</Filter>
    </ClInclude>
    <ClInclude Include="src\CC3D\Core\Timestep.h">
      <Filter>头文件</Filter>
    </ClInclude>
    <ClInclude Include="src\Platform\OpenGL\OpenGLShader.h">
      <Filter>头文件</Filter>
    </ClInclude>
    <ClInclude Include="vendor\stb_image\stb_image.h">
      <Filter>头文件</Filter>
    </ClInclude>
    <ClInclude Include="src\CC3D\Renderer\Texture.h">
      <Filter>头文件</Filter>
    </ClInclude>
    <ClInclude Include="src\Platform\OpenGL\OpenGLTexture.h">
      <Filter>头文件</Filter>
    </ClInclude>
    <ClInclude Include="src\CC3D\Core\Application.h">
      <Filter>头文件</Filter>
    </ClInclude>
    <ClInclude Include="src\CC3D\Core\EntryPoint.h">
      <Filter>头文件</Filter>
    </ClInclude>
    <ClInclude Include="src\CC3D\Core\Core.h">
      <Filter>头文件</Filter>
    </ClInclude>
    <ClInclude Include="src\CC3D\Core\Input.h">
      <Filter>头文件</Filter>
    </ClInclude>
    <ClInclude Include="src\CC3D\Core\KeyCodes.h">
      <Filter>头文件</Filter>
    </ClInclude>
    <ClInclude Include="src\CC3D\Core\Layer.h">
      <Filter>头文件</Filter>
    </ClInclude>
    <ClInclude Include="src\CC3D\Core\LayerStack.h">
      <Filter>头文件</Filter>
    </ClInclude>
    <ClInclude Include="src\CC3D\Core\Log.h">
      <Filter>头文件</Filter>
    </ClInclude>
    <ClInclude Include="src\CC3D\Core\Window.h">
      <Filter>头文件</Filter>
    </ClInclude>
    <ClInclude Include="src\CC3D\Renderer\OrthographicCameraController.h">
      <Filter>头文件</Filter>
    </ClInclude>
    <ClInclude Include="src\CC3D\Renderer\Renderer2D.h">
      <Filter>头文件</Filter>
    </ClInclude>
    <ClInclude Include="src\CC3D\Debug\Instrumentor.h">
      <Filter>头文件</Filter>
    </ClInclude>
    <ClInclude Include="src\CC3D\Core\MouseCodes.h">
      <Filter>头文件</Filter>
    </ClInclude>
    <ClInclude Include="src\CC3D\Renderer\Framebuffer.h">
      <Filter>头文件</Filter>
    </ClInclude>
    <ClInclude Include="src\Platform\OpenGL\OpenGLFramebuffer.h">
      <Filter>头文件</Filter>
    </ClInclude>
    <ClInclude Include="vendor\entt\entt.hpp">
      <Filter>头文件</Filter>
    </ClInclude>
    <ClInclude Include="src\CC3D\Scene\Components.h">
      <Filter>头文件</Filter>
    </ClInclude>
    <ClInclude Include="src\CC3D\Scene\Scene.h">
      <Filter>头文件</Filter>
    </ClInclude>
    <ClInclude Include="src\CC3D\Scene\Entity.h">
      <Filter>头文件</Filter>
    </ClInclude>
    <ClInclude Include="src\CC3D\Renderer\Camera.h">
      <Filter>头文件</Filter>
    </ClInclude>
    <ClInclude Include="src\CC3D\Scene\SceneCamera.h">
      <Filter>头文件</Filter>
    </ClInclude>
    <ClInclude Include="src\CC3D\Scene\ScriptableEntity.h">
      <Filter>头文件</Filter>
    </ClInclude>
    <ClInclude Include="vendor\yaml-cpp\anchor.h">
      <Filter>头文件</Filter>
    </ClInclude>
    <ClInclude Include="vendor\yaml-cpp\binary.h">
      <Filter>头文件</Filter>
    </ClInclude>
    <ClInclude Include="vendor\yaml-cpp\depthguard.h">
      <Filter>头文件</Filter>
    </ClInclude>
    <ClInclude Include="vendor\yaml-cpp\dll.h">
      <Filter>头文件</Filter>
    </ClInclude>
    <ClInclude Include="vendor\yaml-cpp\emitfromevents.h">
      <Filter>头文件</Filter>
    </ClInclude>
    <ClInclude Include="vendor\yaml-cpp\emitter.h">
      <Filter>头文件</Filter>
    </ClInclude>
    <ClInclude Include="vendor\yaml-cpp\emitterdef.h">
      <Filter>头文件</Filter>
    </ClInclude>
    <ClInclude Include="vendor\yaml-cpp\emittermanip.h">
      <Filter>头文件</Filter>
    </ClInclude>
    <ClInclude Include="vendor\yaml-cpp\emitterstyle.h">
      <Filter>头文件</Filter>
    </ClInclude>
    <ClInclude Include="vendor\yaml-cpp\eventhandler.h">
      <Filter>头文件</Filter>
    </ClInclude>
    <ClInclude Include="vendor\yaml-cpp\exceptions.h">
      <Filter>头文件</Filter>
    </ClInclude>
    <ClInclude Include="vendor\yaml-cpp\mark.h">
      <Filter>头文件</Filter>
    </ClInclude>
    <ClInclude Include="vendor\yaml-cpp\noexcept.h">
      <Filter>头文件</Filter>
    </ClInclude>
    <ClInclude Include="vendor\yaml-cpp\null.h">
      <Filter>头文件</Filter>
    </ClInclude>
    <ClInclude Include="vendor\yaml-cpp\ostream_wrapper.h">
      <Filter>头文件</Filter>
    </ClInclude>
    <ClInclude Include="vendor\yaml-cpp\parser.h">
      <Filter>头文件</Filter>
    </ClInclude>
    <ClInclude Include="vendor\yaml-cpp\stlemitter.h">
      <Filter>头文件</Filter>
    </ClInclude>
    <ClInclude Include="vendor\yaml-cpp\traits.h">
      <Filter>头文件</Filter>
    </ClInclude>
    <ClInclude Include="vendor\yaml-cpp\yaml.h">
      <Filter>头文件</Filter>
    </ClInclude>
    <ClInclude Include="src\CC3D\Scene\SceneSerializer.h">
      <Filter>头文件</Filter>
    </ClInclude>
    <ClInclude Include="src\CC3D\Utils\PlatformUtils.h">
      <Filter>头文件</Filter>
    </ClInclude>
    <ClInclude Include="src\CC3D\Math\Math.h">
      <Filter>头文件</Filter>
    </ClInclude>
    <ClInclude Include="vendor\ImGuizmo\ImGuizmo.h">
      <Filter>头文件</Filter>
    </ClInclude>
    <ClInclude Include="src\CC3D\Renderer\EditorCamera.h">
      <Filter>头文件</Filter>
    </ClInclude>
    <ClInclude Include="vendor\box2d\b2_api.h">
      <Filter>头文件</Filter>
    </ClInclude>
    <ClInclude Include="vendor\box2d\b2_block_allocator.h">
      <Filter>头文件</Filter>
    </ClInclude>
    <ClInclude Include="vendor\box2d\b2_body.h">
      <Filter>头文件</Filter>
    </ClInclude>
    <ClInclude Include="vendor\box2d\b2_broad_phase.h">
      <Filter>头文件</Filter>
    </ClInclude>
    <ClInclude Include="vendor\box2d\b2_chain_shape.h">
      <Filter>头文件</Filter>
    </ClInclude>
    <ClInclude Include="vendor\box2d\b2_circle_shape.h">
      <Filter>头文件</Filter>
    </ClInclude>
    <ClInclude Include="vendor\box2d\b2_collision.h">
      <Filter>头文件</Filter>
    </ClInclude>
    <ClInclude Include="vendor\box2d\b2_common.h">
      <Filter>头文件</Filter>
    </ClInclude>
    <ClInclude Include="vendor\box2d\b2_contact.h">
      <Filter>头文件</Filter>
    </ClInclude>
    <ClInclude Include="vendor\box2d\b2_contact_manager.h">
      <Filter>头文件</Filter>
    </ClInclude>
    <ClInclude Include="vendor\box2d\b2_distance.h">
      <Filter>头文件</Filter>
    </ClInclude>
    <ClInclude Include="vendor\box2d\b2_distance_joint.h">
      <Filter>头文件</Filter>
    </ClInclude>
    <ClInclude Include="vendor\box2d\b2_draw.h">
      <Filter>头文件</Filter>
    </ClInclude>
    <ClInclude Include="vendor\box2d\b2_dynamic_tree.h">
      <Filter>头文件</Filter>
    </ClInclude>
    <ClInclude Include="vendor\box2d\b2_edge_shape.h">
      <Filter>头文件</Filter>
    </ClInclude>
    <ClInclude Include="vendor\box2d\b2_fixture.h">
      <Filter>头文件</Filter>
    </ClInclude>
    <ClInclude Include="vendor\box2d\b2_friction_joint.h">
      <Filter>头文件</Filter>
    </ClInclude>
    <ClInclude Include="vendor\box2d\b2_gear_joint.h">
      <Filter>头文件</Filter>
    </ClInclude>
    <ClInclude Include="vendor\box2d\b2_growable_stack.h">
      <Filter>头文件</Filter>
    </ClInclude>
    <ClInclude Include="vendor\box2d\b2_joint.h">
      <Filter>头文件</Filter>
    </ClInclude>
    <ClInclude Include="vendor\box2d\b2_math.h">
      <Filter>头文件</Filter>
    </ClInclude>
    <ClInclude Include="vendor\box2d\b2_motor_joint.h">
      <Filter>头文件</Filter>
    </ClInclude>
    <ClInclude Include="vendor\box2d\b2_mouse_joint.h">
      <Filter>头文件</Filter>
    </ClInclude>
    <ClInclude Include="vendor\box2d\b2_polygon_shape.h">
      <Filter>头文件</Filter>
    </ClInclude>
    <ClInclude Include="vendor\box2d\b2_prismatic_joint.h">
      <Filter>头文件</Filter>
    </ClInclude>
    <ClInclude Include="vendor\box2d\b2_pulley_joint.h">
      <Filter>头文件</Filter>
    </ClInclude>
    <ClInclude Include="vendor\box2d\b2_revolute_joint.h">
      <Filter>头文件</Filter>
    </ClInclude>
    <ClInclude Include="vendor\box2d\b2_rope.h">
      <Filter>头文件</Filter>
    </ClInclude>
    <ClInclude Include="vendor\box2d\b2_settings.h">
      <Filter>头文件</Filter>
    </ClInclude>
    <ClInclude Include="vendor\box2d\b2_shape.h">
      <Filter>头文件</Filter>
    </ClInclude>
    <ClInclude Include="vendor\box2d\b2_stack_allocator.h">
      <Filter>头文件</Filter>
    </ClInclude>
    <ClInclude Include="vendor\box2d\b2_time_of_impact.h">
      <Filter>头文件</Filter>
    </ClInclude>
    <ClInclude Include="vendor\box2d\b2_time_step.h">
      <Filter>头文件</Filter>
    </ClInclude>
    <ClInclude Include="vendor\box2d\b2_timer.h">
      <Filter>头文件</Filter>
    </ClInclude>
    <ClInclude Include="vendor\box2d\b2_types.h">
      <Filter>头文件</Filter>
    </ClInclude>
    <ClInclude Include="vendor\box2d\b2_weld_joint.h">
      <Filter>头文件</Filter>
    </ClInclude>
    <ClInclude Include="vendor\box2d\b2_wheel_joint.h">
      <Filter>头文件</Filter>
    </ClInclude>
    <ClInclude Include="vendor\box2d\b2_world.h">
      <Filter>头文件</Filter>
    </ClInclude>
    <ClInclude Include="vendor\box2d\b2_world_callbacks.h">
      <Filter>头文件</Filter>
    </ClInclude>
    <ClInclude Include="vendor\box2d\box2d.h">
      <Filter>头文件</Filter>
    </ClInclude>
    <ClInclude Include="src\CC3D\Core\UUID.h">
      <Filter>头文件</Filter>
    </ClInclude>
  </ItemGroup>
  <ItemGroup>
    <ClCompile Include="src\cc3d_pch.cpp">
      <Filter>源文件</Filter>
    </ClCompile>
    <ClCompile Include="src\Platform\Windows\WindowsWindow.cpp">
      <Filter>源文件</Filter>
    </ClCompile>
    <ClCompile Include="vendor\imgui\imgui.cpp">
      <Filter>源文件</Filter>
    </ClCompile>
    <ClCompile Include="src\CC3D\ImGui\ImGuiLayer.cpp">
      <Filter>源文件</Filter>
    </ClCompile>
    <ClCompile Include="vendor\imgui\imgui_demo.cpp">
      <Filter>源文件</Filter>
    </ClCompile>
    <ClCompile Include="vendor\imgui\imgui_draw.cpp">
      <Filter>源文件</Filter>
    </ClCompile>
    <ClCompile Include="vendor\imgui\imgui_tables.cpp">
      <Filter>源文件</Filter>
    </ClCompile>
    <ClCompile Include="vendor\imgui\imgui_widgets.cpp">
      <Filter>源文件</Filter>
    </ClCompile>
    <ClCompile Include="vendor\glad\glad.cpp">
      <Filter>源文件</Filter>
    </ClCompile>
    <ClCompile Include="src\Platform\Windows\WindowsInput.cpp">
      <Filter>源文件</Filter>
    </ClCompile>
    <ClCompile Include="vendor\imgui\examples\imgui_impl_glfw.cpp">
      <Filter>源文件</Filter>
    </ClCompile>
    <ClCompile Include="vendor\imgui\examples\imgui_impl_opengl3.cpp">
      <Filter>源文件</Filter>
    </ClCompile>
    <ClCompile Include="src\CC3D\ImGui\ImGuiBuild.cpp">
      <Filter>源文件</Filter>
    </ClCompile>
    <ClCompile Include="src\Platform\OpenGL\OpenGLContext.cpp">
      <Filter>源文件</Filter>
    </ClCompile>
    <ClCompile Include="src\CC3D\Renderer\Shader.cpp">
      <Filter>源文件</Filter>
    </ClCompile>
    <ClCompile Include="src\CC3D\Renderer\Buffer.cpp">
      <Filter>源文件</Filter>
    </ClCompile>
    <ClCompile Include="src\CC3D\Renderer\Renderer.cpp">
      <Filter>源文件</Filter>
    </ClCompile>
    <ClCompile Include="src\Platform\OpenGL\OpenGLBuffer.cpp">
      <Filter>源文件</Filter>
    </ClCompile>
    <ClCompile Include="src\CC3D\Renderer\VertexArray.cpp">
      <Filter>源文件</Filter>
    </ClCompile>
    <ClCompile Include="src\Platform\OpenGL\OpenGLVertexArray.cpp">
      <Filter>源文件</Filter>
    </ClCompile>
    <ClCompile Include="src\CC3D\Renderer\RenderCommand.cpp">
      <Filter>源文件</Filter>
    </ClCompile>
    <ClCompile Include="src\CC3D\Renderer\RendererAPI.cpp">
      <Filter>源文件</Filter>
    </ClCompile>
    <ClCompile Include="src\Platform\OpenGL\OpenGLRendererAPI.cpp">
      <Filter>源文件</Filter>
    </ClCompile>
    <ClCompile Include="src\CC3D\Renderer\OrthographicCamera.cpp">
      <Filter>源文件</Filter>
    </ClCompile>
    <ClCompile Include="src\Platform\OpenGL\OpenGLShader.cpp">
      <Filter>源文件</Filter>
    </ClCompile>
    <ClCompile Include="vendor\stb_image\stb_image.cpp">
      <Filter>源文件</Filter>
    </ClCompile>
    <ClCompile Include="src\CC3D\Renderer\Texture.cpp">
      <Filter>源文件</Filter>
    </ClCompile>
    <ClCompile Include="src\Platform\OpenGL\OpenGLTexture.cpp">
      <Filter>源文件</Filter>
    </ClCompile>
    <ClCompile Include="src\CC3D\Core\Application.cpp">
      <Filter>源文件</Filter>
    </ClCompile>
    <ClCompile Include="src\CC3D\Core\Layer.cpp">
      <Filter>源文件</Filter>
    </ClCompile>
    <ClCompile Include="src\CC3D\Core\LayerStack.cpp">
      <Filter>源文件</Filter>
    </ClCompile>
    <ClCompile Include="src\CC3D\Core\Log.cpp">
      <Filter>源文件</Filter>
    </ClCompile>
    <ClCompile Include="src\CC3D\Renderer\OrthographicCameraController.cpp">
      <Filter>源文件</Filter>
    </ClCompile>
    <ClCompile Include="src\CC3D\Renderer\Renderer2D.cpp">
      <Filter>源文件</Filter>
    </ClCompile>
    <ClCompile Include="src\CC3D\Renderer\GraphicsContext.cpp">
      <Filter>源文件</Filter>
    </ClCompile>
    <ClCompile Include="src\CC3D\Core\Window.cpp">
      <Filter>源文件</Filter>
    </ClCompile>
    <ClCompile Include="src\CC3D\Renderer\Framebuffer.cpp">
      <Filter>源文件</Filter>
    </ClCompile>
    <ClCompile Include="src\Platform\OpenGL\OpenGLFramebuffer.cpp">
      <Filter>源文件</Filter>
    </ClCompile>
    <ClCompile Include="src\CC3D\Scene\Scene.cpp">
      <Filter>源文件</Filter>
    </ClCompile>
    <ClCompile Include="src\CC3D\Scene\Entity.cpp">
      <Filter>源文件</Filter>
    </ClCompile>
    <ClCompile Include="src\CC3D\Scene\SceneCamera.cpp">
      <Filter>源文件</Filter>
    </ClCompile>
    <ClCompile Include="src\CC3D\Scene\SceneSerializer.cpp">
      <Filter>源文件</Filter>
    </ClCompile>
    <ClCompile Include="src\Platform\Windows\WindowsPlatformUtils.cpp">
      <Filter>源文件</Filter>
    </ClCompile>
    <ClCompile Include="src\CC3D\Math\Math.cpp">
      <Filter>源文件</Filter>
    </ClCompile>
    <ClCompile Include="vendor\ImGuizmo\ImGuizmo.cpp">
      <Filter>源文件</Filter>
    </ClCompile>
    <ClCompile Include="src\CC3D\Renderer\EditorCamera.cpp">
      <Filter>源文件</Filter>
    </ClCompile>
    <ClCompile Include="src\CC3D\Core\UUID.cpp">
      <Filter>源文件</Filter>
    </ClCompile>
  </ItemGroup>
  <ItemGroup>
    <Text Include="vendor\imgui\LICENSE.txt" />
    <Text Include="vendor\glm\CMakeLists.txt" />
  </ItemGroup>
  <ItemGroup>
    <None Include="vendor\ImGuizmo\.git" />
    <None Include="vendor\ImGuizmo\LICENSE" />
    <None Include="vendor\ImGuizmo\README.md" />
  </ItemGroup>
</Project>